<?xml version="1.0" encoding="UTF-8"?>
<CONFIG>
  <ProjectOptions>
    <Version Value="12"/>
    <General>
      <Flags>
        <MainUnitHasCreateFormStatements Value="False"/>
        <MainUnitHasTitleStatement Value="False"/>
        <MainUnitHasScaledStatement Value="False"/>
      </Flags>
      <SessionStorage Value="InProjectDir"/>
      <Title Value="oneform"/>
      <UseAppBundle Value="False"/>
      <ResourceType Value="res"/>
    </General>
    <BuildModes>
      <Item Name="Default" Default="True"/>
      <Item Name="Debug">
        <CompilerOptions>
          <Version Value="11"/>
          <Target>
            <Filename Value="../../bin/oneform"/>
          </Target>
          <SearchPaths>
            <IncludeFiles Value="$(ProjOutDir)"/>
            <OtherUnitFiles Value="../../src/base;forms;../../src/ncurses;../../src/core"/>
            <UnitOutputDirectory Value="../../bin/lib/$(TargetCPU)-$(TargetOS)"/>
          </SearchPaths>
          <Parsing>
            <SyntaxOptions>
              <IncludeAssertionCode Value="True"/>
            </SyntaxOptions>
          </Parsing>
          <CodeGeneration>
            <Checks>
              <IOChecks Value="True"/>
              <RangeChecks Value="True"/>
              <OverflowChecks Value="True"/>
              <StackChecks Value="True"/>
            </Checks>
            <VerifyObjMethodCallValidity Value="True"/>
          </CodeGeneration>
          <Linking>
            <Debugging>
              <DebugInfoType Value="dsDwarf3"/>
              <UseHeaptrc Value="True"/>
              <TrashVariables Value="True"/>
            </Debugging>
          </Linking>
          <Other>
            <CustomOptions Value="-FcUTF8
-dDEBUG
-Cg-"/>
          </Other>
        </CompilerOptions>
      </Item>
      <Item Name="Release">
        <CompilerOptions>
          <Version Value="11"/>
          <Target>
            <Filename Value="../../bin/oneform"/>
          </Target>
          <SearchPaths>
            <IncludeFiles Value="$(ProjOutDir)"/>
            <OtherUnitFiles Value="../../src/base;forms;../../src/ncurses;../../src/core"/>
            <UnitOutputDirectory Value="../../bin/lib/$(TargetCPU)-$(TargetOS)"/>
          </SearchPaths>
          <CodeGeneration>
            <SmartLinkUnit Value="True"/>
            <Optimizations>
              <OptimizationLevel Value="3"/>
            </Optimizations>
          </CodeGeneration>
          <Linking>
            <Debugging>
              <GenerateDebugInfo Value="False"/>
              <RunWithoutDebug Value="True"/>
              <StripSymbols Value="True"/>
            </Debugging>
            <LinkSmart Value="True"/>
          </Linking>
          <Other>
            <CustomOptions Value="-FcUTF8
-Cg-"/>
          </Other>
        </CompilerOptions>
      </Item>
    </BuildModes>
    <PublishOptions>
      <Version Value="2"/>
      <UseFileFilters Value="True"/>
    </PublishOptions>
    <RunParams>
      <FormatVersion Value="2"/>
    </RunParams>
    <Units>
      <Unit>
        <Filename Value="oneform.lpr"/>
        <IsPartOfProject Value="True"/>
        <UnitName Value="OneForm"/>
      </Unit>
      <Unit>
        <Filename Value="forms/forms.main.pas"/>
        <IsPartOfProject Value="True"/>
        <UnitName Value="Forms.Main"/>
      </Unit>
      <Unit>
        <Filename Value="../../src/base/tui.basetypes.pas"/>
        <IsPartOfProject Value="True"/>
        <UnitName Value="TUI.BaseTypes"/>
      </Unit>
      <Unit>
        <Filename Value="../../src/ncurses/tui.ncurses.window.pas"/>
        <IsPartOfProject Value="True"/>
        <UnitName Value="TUI.Ncurses.Window"/>
      </Unit>
      <Unit>
        <Filename Value="../../src/core/tui.core.application.pas"/>
        <IsPartOfProject Value="True"/>
        <UnitName Value="TUI.Core.Application"/>
      </Unit>
      <Unit>
        <Filename Value="../../src/core/tui.core.message.pas"/>
        <IsPartOfProject Value="True"/>
        <UnitName Value="TUI.Core.Message"/>
      </Unit>
      <Unit>
        <Filename Value="../../src/core/tui.core.form.pas"/>
        <IsPartOfProject Value="True"/>
        <UnitName Value="TUI.Core.Form"/>
      </Unit>
    </Units>
  </ProjectOptions>
  <CompilerOptions>
    <Version Value="11"/>
    <Target>
      <Filename Value="../../bin/oneform"/>
    </Target>
    <SearchPaths>
      <IncludeFiles Value="$(ProjOutDir)"/>
      <OtherUnitFiles Value="../../src/base;forms;../../src/ncurses;../../src/core"/>
      <UnitOutputDirectory Value="../../bin/lib/$(TargetCPU)-$(TargetOS)"/>
    </SearchPaths>
    <Linking>
      <Debugging>
        <DebugInfoType Value="dsDwarf3"/>
      </Debugging>
    </Linking>
    <Other>
      <CustomOptions Value="-FcUTF8
-Cg-"/>
    </Other>
  </CompilerOptions>
  <Debugging>
    <Exceptions>
      <Item>
        <Name Value="EAbort"/>
      </Item>
      <Item>
        <Name Value="ECodetoolError"/>
      </Item>
      <Item>
        <Name Value="EFOpenError"/>
      </Item>
    </Exceptions>
  </Debugging>
</CONFIG>
